// !$*UTF8*$!
{
	archiveVersion = 1;
	classes = {
	};
	objectVersion = 48;
	objects = {

/* Begin PBXBuildFile section */
		ED947D391FFCD8040031CE70 /* AppDelegate.swift in Sources */ = {isa = PBXBuildFile; fileRef = ED947D381FFCD8040031CE70 /* AppDelegate.swift */; };
		ED947D3B1FFCD8040031CE70 /* ViewController.swift in Sources */ = {isa = PBXBuildFile; fileRef = ED947D3A1FFCD8040031CE70 /* ViewController.swift */; };
		ED947D3E1FFCD8040031CE70 /* Main.storyboard in Resources */ = {isa = PBXBuildFile; fileRef = ED947D3C1FFCD8040031CE70 /* Main.storyboard */; };
		ED947D401FFCD8040031CE70 /* Assets.xcassets in Resources */ = {isa = PBXBuildFile; fileRef = ED947D3F1FFCD8040031CE70 /* Assets.xcassets */; };
		ED947D431FFCD8040031CE70 /* LaunchScreen.storyboard in Resources */ = {isa = PBXBuildFile; fileRef = ED947D411FFCD8040031CE70 /* LaunchScreen.storyboard */; };
		ED947D4C1FFCDC1C0031CE70 /* Inceptionv3.mlmodel in Sources */ = {isa = PBXBuildFile; fileRef = ED947D4B1FFCDC1C0031CE70 /* Inceptionv3.mlmodel */; };
/* End PBXBuildFile section */

/* Begin PBXFileReference section */
		ED947D351FFCD8040031CE70 /* CoreMLTest1.app */ = {isa = PBXFileReference; explicitFileType = wrapper.application; includeInIndex = 0; path = CoreMLTest1.app; sourceTree = BUILT_PRODUCTS_DIR; };
		ED947D381FFCD8040031CE70 /* AppDelegate.swift */ = {isa = PBXFileReference; lastKnownFileType = sourcecode.swift; path = AppDelegate.swift; sourceTree = "<group>"; };
		ED947D3A1FFCD8040031CE70 /* ViewController.swift */ = {isa = PBXFileReference; lastKnownFileType = sourcecode.swift; path = ViewController.swift; sourceTree = "<group>"; };
		ED947D3D1FFCD8040031CE70 /* Base */ = {isa = PBXFileReference; lastKnownFileType = file.storyboard; name = Base; path = Base.lproj/Main.storyboard; sourceTree = "<group>"; };
		ED947D3F1FFCD8040031CE70 /* Assets.xcassets */ = {isa = PBXFileReference; lastKnownFileType = folder.assetcatalog; path = Assets.xcassets; sourceTree = "<group>"; };
		ED947D421FFCD8040031CE70 /* Base */ = {isa = PBXFileReference; lastKnownFileType = file.storyboard; name = Base; path = Base.lproj/LaunchScreen.storyboard; sourceTree = "<group>"; };
		ED947D441FFCD8040031CE70 /* Info.plist */ = {isa = PBXFileReference; lastKnownFileType = text.plist.xml; path = Info.plist; sourceTree = "<group>"; };
		ED947D4B1FFCDC1C0031CE70 /* Inceptionv3.mlmodel */ = {isa = PBXFileReference; lastKnownFileType = file.mlmodel; path = Inceptionv3.mlmodel; sourceTree = "<group>"; };
/* End PBXFileReference section */

/* Begin PBXFrameworksBuildPhase section */
		ED947D321FFCD8040031CE70 /* Frameworks */ = {
			isa = PBXFrameworksBuildPhase;
			buildActionMask = 2147483647;
			files = (
			);
			runOnlyForDeploymentPostprocessing = 0;
		};
/* End PBXFrameworksBuildPhase section */

/* Begin PBXGroup section */
		ED947D2C1FFCD8040031CE70 = {
			isa = PBXGroup;
			children = (
				ED947D371FFCD8040031CE70 /* CoreMLTest1 */,
				ED947D361FFCD8040031CE70 /* Products */,
			);
			sourceTree = "<group>";
		};
		ED947D361FFCD8040031CE70 /* Products */ = {
			isa = PBXGroup;
			children = (
				ED947D351FFCD8040031CE70 /* CoreMLTest1.app */,
			);
			name = Products;
			sourceTree = "<group>";
		};
		ED947D371FFCD8040031CE70 /* CoreMLTest1 */ = {
			isa = PBXGroup;
			children = (
				ED947D4A1FFCDC090031CE70 /* MLModels */,
				ED947D381FFCD8040031CE70 /* AppDelegate.swift */,
				ED947D3A1FFCD8040031CE70 /* ViewController.swift */,
				ED947D3C1FFCD8040031CE70 /* Main.storyboard */,
				ED947D3F1FFCD8040031CE70 /* Assets.xcassets */,
				ED947D411FFCD8040031CE70 /* LaunchScreen.storyboard */,
				ED947D441FFCD8040031CE70 /* Info.plist */,
			);
			path = CoreMLTest1;
			sourceTree = "<group>";
		};
		ED947D4A1FFCDC090031CE70 /* MLModels */ = {
			isa = PBXGroup;
			children = (
				ED947D4B1FFCDC1C0031CE70 /* Inceptionv3.mlmodel */,
			);
			path = MLModels;
			sourceTree = "<group>";
		};
/* End PBXGroup section */

/* Begin PBXNativeTarget section */
		ED947D341FFCD8040031CE70 /* CoreMLTest1 */ = {
			isa = PBXNativeTarget;
			buildConfigurationList = ED947D471FFCD8040031CE70 /* Build configuration list for PBXNativeTarget "CoreMLTest1" */;
			buildPhases = (
				ED947D311FFCD8040031CE70 /* Sources */,
				ED947D321FFCD8040031CE70 /* Frameworks */,
				ED947D331FFCD8040031CE70 /* Resources */,
			);
			buildRules = (
			);
			dependencies = (
			);
			name = CoreMLTest1;
			productName = CoreMLTest1;
			productReference = ED947D351FFCD8040031CE70 /* CoreMLTest1.app */;
			productType = "com.apple.product-type.application";
		};
/* End PBXNativeTarget section */

/* Begin PBXProject section */
		ED947D2D1FFCD8040031CE70 /* Project object */ = {
			isa = PBXProject;
			attributes = {
				LastSwiftUpdateCheck = 0910;
				LastUpgradeCheck = 0910;
				ORGANIZATIONNAME = "Anton Kuznetsov";
				TargetAttributes = {
					ED947D341FFCD8040031CE70 = {
						CreatedOnToolsVersion = 9.1;
						ProvisioningStyle = Automatic;
					};
				};
			};
			buildConfigurationList = ED947D301FFCD8040031CE70 /* Build configuration list for PBXProject "CoreMLTest1" */;
			compatibilityVersion = "Xcode 8.0";
			developmentRegion = en;
			hasScannedForEncodings = 0;
			knownRegions = (
				en,
				Base,
			);
			mainGroup = ED947D2C1FFCD8040031CE70;
			productRefGroup = ED947D361FFCD8040031CE70 /* Products */;
			projectDirPath = "";
			projectRoot = "";
			targets = (
				ED947D341FFCD8040031CE70 /* CoreMLTest1 */,
			);
		};
/* End PBXProject section */

/* Begin PBXResourcesBuildPhase section */
		ED947D331FFCD8040031CE70 /* Resources */ = {
			isa = PBXResourcesBuildPhase;
			buildActionMask = 2147483647;
			files = (
				ED947D431FFCD8040031CE70 /* LaunchScreen.storyboard in Resources */,
				ED947D401FFCD8040031CE70 /* Assets.xcassets in Resources */,
				ED947D3E1FFCD8040031CE70 /* Main.storyboard in Resources */,
			);
			runOnlyForDeploymentPostprocessing = 0;
		};
/* End PBXResourcesBuildPhase section */

/* Begin PBXSourcesBuildPhase section */
		ED947D311FFCD8040031CE70 /* Sources */ = {
			isa = PBXSourcesBuildPhase;
			buildActionMask = 2147483647;
			files = (
				ED947D3B1FFCD8040031CE70 /* ViewController.swift in Sources */,
				ED947D4C1FFCDC1C0031CE70 /* Inceptionv3.mlmodel in Sources */,
				ED947D391FFCD8040031CE70 /* AppDelegate.swift in Sources */,
			);
			runOnlyForDeploymentPostprocessing = 0;
		};
/* End PBXSourcesBuildPhase section */

/* Begin PBXVariantGroup section */
		ED947D3C1FFCD8040031CE70 /* Main.storyboard */ = {
			isa = PBXVariantGroup;
			children = (
				ED947D3D1FFCD8040031CE70 /* Base */,
			);
			name = Main.storyboard;
			sourceTree = "<group>";
		};
		ED947D411FFCD8040031CE70 /* LaunchScreen.storyboard */ = {
			isa = PBXVariantGroup;
			children = (
				ED947D421FFCD8040031CE70 /* Base */,
			);
			name = LaunchScreen.storyboard;
			sourceTree = "<group>";
		};
/* End PBXVariantGroup section */

/* Begin XCBuildConfiguration section */
		ED947D451FFCD8040031CE70 /* Debug */ = {
			isa = XCBuildConfiguration;
			buildSettings = {
				ALWAYS_SEARCH_USER_PATHS = NO;
				CLANG_ANALYZER_NONNULL = YES;
				CLANG_ANALYZER_NUMBER_OBJECT_CONVERSION = YES_AGGRESSIVE;
				CLANG_CXX_LANGUAGE_STANDARD = "gnu++14";
				CLANG_CXX_LIBRARY = "libc++";
				CLANG_ENABLE_MODULES = YES;
				CLANG_ENABLE_OBJC_ARC = YES;
				CLANG_WARN_BLOCK_CAPTURE_AUTORELEASING = YES;
				CLANG_WARN_BOOL_CONVERSION = YES;
				CLANG_WARN_COMMA = YES;
				CLANG_WARN_CONSTANT_CONVERSION = YES;
				CLANG_WARN_DIRECT_OBJC_ISA_USAGE = YES_ERROR;
				CLANG_WARN_DOCUMENTATION_COMMENTS = YES;
				CLANG_WARN_EMPTY_BODY = YES;
				CLANG_WARN_ENUM_CONVERSION = YES;
				CLANG_WARN_INFINITE_RECURSION = YES;
				CLANG_WARN_INT_CONVERSION = YES;
				CLANG_WARN_NON_LITERAL_NULL_CONVERSION = YES;
				CLANG_WARN_OBJC_LITERAL_CONVERSION = YES;
				CLANG_WARN_OBJC_ROOT_CLASS = YES_ERROR;
				CLANG_WARN_RANGE_LOOP_ANALYSIS = YES;
				CLANG_WARN_STRICT_PROTOTYPES = YES;
				CLANG_WARN_SUSPICIOUS_MOVE = YES;
				CLANG_WARN_UNGUARDED_AVAILABILITY = YES_AGGRESSIVE;
				CLANG_WARN_UNREACHABLE_CODE = YES;
				CLANG_WARN__DUPLICATE_METHOD_MATCH = YES;
				CODE_SIGN_IDENTITY = "iPhone Developer";
				COPY_PHASE_STRIP = NO;
				DEBUG_INFORMATION_FORMAT = dwarf;
				ENABLE_STRICT_OBJC_MSGSEND = YES;
				ENABLE_TESTABILITY = YES;
				GCC_C_LANGUAGE_STANDARD = gnu11;
				GCC_DYNAMIC_NO_PIC = NO;
				GCC_NO_COMMON_BLOCKS = YES;
				GCC_OPTIMIZATION_LEVEL = 0;
				GCC_PREPROCESSOR_DEFINITIONS = (
					"DEBUG=1",
					"$(inherited)",
				);
				GCC_WARN_64_TO_32_BIT_CONVERSION = YES;
				GCC_WARN_ABOUT_RETURN_TYPE = YES_ERROR;
				GCC_WARN_UNDECLARED_SELECTOR = YES;
				GCC_WARN_UNINITIALIZED_AUTOS = YES_AGGRESSIVE;
				GCC_WARN_UNUSED_FUNCTION = YES;
				GCC_WARN_UNUSED_VARIABLE = YES;
				IPHONEOS_DEPLOYMENT_TARGET = 11.1;
				MTL_ENABLE_DEBUG_INFO = YES;
				ONLY_ACTIVE_ARCH = YES;
				SDKROOT = iphoneos;
				SWIFT_ACTIVE_COMPILATION_CONDITIONS = DEBUG;
				SWIFT_OPTIMIZATION_LEVEL = "-Onone";
			};
			name = Debug;
		};
		ED947D461FFCD8040031CE70 /* Release */ = {
			isa = XCBuildConfiguration;
			buildSettings = {
				ALWAYS_SEARCH_USER_PATHS = NO;
				CLANG_ANALYZER_NONNULL = YES;
				CLANG_ANALYZER_NUMBER_OBJECT_CONVERSION = YES_AGGRESSIVE;
				CLANG_CXX_LANGUAGE_STANDARD = "gnu++14";
				CLANG_CXX_LIBRARY = "libc++";
				CLANG_ENABLE_MODULES = YES;
				CLANG_ENABLE_OBJC_ARC = YES;
				CLANG_WARN_BLOCK_CAPTURE_AUTORELEASING = YES;
				CLANG_WARN_BOOL_CONVERSION = YES;
				CLANG_WARN_COMMA = YES;
				CLANG_WARN_CONSTANT_CONVERSION = YES;
				CLANG_WARN_DIRECT_OBJC_ISA_USAGE = YES_ERROR;
				CLANG_WARN_DOCUMENTATION_COMMENTS = YES;
				CLANG_WARN_EMPTY_BODY = YES;
				CLANG_WARN_ENUM_CONVERSION = YES;
				CLANG_WARN_INFINITE_RECURSION = YES;
				CLANG_WARN_INT_CONVERSION = YES;
				CLANG_WARN_NON_LITERAL_NULL_CONVERSION = YES;
				CLANG_WARN_OBJC_LITERAL_CONVERSION = YES;
				CLANG_WARN_OBJC_ROOT_CLASS = YES_ERROR;
				CLANG_WARN_RANGE_LOOP_ANALYSIS = YES;
				CLANG_WARN_STRICT_PROTOTYPES = YES;
				CLANG_WARN_SUSPICIOUS_MOVE = YES;
				CLANG_WARN_UNGUARDED_AVAILABILITY = YES_AGGRESSIVE;
				CLANG_WARN_UNREACHABLE_CODE = YES;
				CLANG_WARN__DUPLICATE_METHOD_MATCH = YES;
				CODE_SIGN_IDENTITY = "iPhone Developer";
				COPY_PHASE_STRIP = NO;
				DEBUG_INFORMATION_FORMAT = "dwarf-with-dsym";
				ENABLE_NS_ASSERTIONS = NO;
				ENABLE_STRICT_OBJC_MSGSEND = YES;
				GCC_C_LANGUAGE_STANDARD = gnu11;
				GCC_NO_COMMON_BLOCKS = YES;
				GCC_WARN_64_TO_32_BIT_CONVERSION = YES;
				GCC_WARN_ABOUT_RETURN_TYPE = YES_ERROR;
				GCC_WARN_UNDECLARED_SELECTOR = YES;
				GCC_WARN_UNINITIALIZED_AUTOS = YES_AGGRESSIVE;
				GCC_WARN_UNUSED_FUNCTION = YES;
				GCC_WARN_UNUSED_VARIABLE = YES;
				IPHONEOS_DEPLOYMENT_TARGET = 11.1;
				MTL_ENABLE_DEBUG_INFO = NO;
				SDKROOT = iphoneos;
				SWIFT_OPTIMIZATION_LEVEL = "-Owholemodule";
				VALIDATE_PRODUCT = YES;
			};
			name = Release;
		};
		ED947D481FFCD8040031CE70 /* Debug */ = {
			isa = XCBuildConfiguration;
			buildSettings = {
				ASSETCATALOG_COMPILER_APPICON_NAME = AppIcon;
				CODE_SIGN_STYLE = Automatic;
				DEVELOPMENT_TEAM = 6KN952WR85;
				INFOPLIST_FILE = CoreMLTest1/Info.plist;
				LD_RUNPATH_SEARCH_PATHS = "$(inherited) @executable_path/Frameworks";
				PRODUCT_BUNDLE_IDENTIFIER = com.thelightprj.CoreMLTest1;
				PRODUCT_NAME = "$(TARGET_NAME)";
				SWIFT_VERSION = 4.0;
				TARGETED_DEVICE_FAMILY = "1,2";
			};
			name = Debug;
		};
		ED947D491FFCD8040031CE70 /* Release */ = {
			isa = XCBuildConfiguration;
			buildSettings = {
				ASSETCATALOG_COMPILER_APPICON_NAME = AppIcon;
				CODE_SIGN_STYLE = Automatic;
				DEVELOPMENT_TEAM = 6KN952WR85;
				INFOPLIST_FILE = CoreMLTest1/Info.plist;
				LD_RUNPATH_SEARCH_PATHS = "$(inherited) @executable_path/Frameworks";
				PRODUCT_BUNDLE_IDENTIFIER = com.thelightprj.CoreMLTest1;
				PRODUCT_NAME = "$(TARGET_NAME)";
				SWIFT_VERSION = 4.0;
				TARGETED_DEVICE_FAMILY = "1,2";
			};
			name = Release;
		};
/* End XCBuildConfiguration section */

/* Begin XCConfigurationList section */
		ED947D301FFCD8040031CE70 /* Build configuration list for PBXProject "CoreMLTest1" */ = {
			isa = XCConfigurationList;
			buildConfigurations = (
				ED947D451FFCD8040031CE70 /* Debug */,
				ED947D461FFCD8040031CE70 /* Release */,
			);
			defaultConfigurationIsVisible = 0;
			defaultConfigurationName = Release;
		};
		ED947D471FFCD8040031CE70 /* Build configuration list for PBXNativeTarget "CoreMLTest1" */ = {
			isa = XCConfigurationList;
			buildConfigurations = (
				ED947D481FFCD8040031CE70 /* Debug */,
				ED947D491FFCD8040031CE70 /* Release */,
			);
			defaultConfigurationIsVisible = 0;
			defaultConfigurationName = Release;
		};
/* End XCConfigurationList section */
	};
	rootObject = ED947D2D1FFCD8040031CE70 /* Project object */;
}
